
Microsoft Visual Studio Solution File, Format Version 12.00
# Visual Studio 15
VisualStudioVersion = 15.0.27130.2036
MinimumVisualStudioVersion = 10.0.40219.1
Project("{8BC9CEB8-8B4A-11D0-8D11-00A0C91BC942}") = "Engine", "Engine\Engine.vcxproj", "{AE2725B7-4B12-47AA-989E-C96E66F28E6E}"
	ProjectSection(ProjectDependencies) = postProject
		{98289F88-68CA-4D4D-B744-B1B7F562045C} = {98289F88-68CA-4D4D-B744-B1B7F562045C}
		{014FBBB7-BDF6-34B5-AE9B-9375BBA53A1B} = {014FBBB7-BDF6-34B5-AE9B-9375BBA53A1B}
	EndProjectSection
EndProject
Project("{8BC9CEB8-8B4A-11D0-8D11-00A0C91BC942}") = "ReliableUDP", "ReliableUDP\reliable_udp.vcxproj", "{98289F88-68CA-4D4D-B744-B1B7F562045C}"
EndProject
Project("{8BC9CEB8-8B4A-11D0-8D11-00A0C91BC942}") = "RenderLib", "RenderLib\RenderLib.vcxproj", "{014FBBB7-BDF6-34B5-AE9B-9375BBA53A1B}"
EndProject
Project("{8BC9CEB8-8B4A-11D0-8D11-00A0C91BC942}") = "EntitySystem", "EntitySystem\EntitySystem.vcxproj", "{2A13BE99-E7B7-4B2C-93C2-09F2542437F1}"
EndProject
Project("{8BC9CEB8-8B4A-11D0-8D11-00A0C91BC942}") = "Utils", "Utils\Utils.vcxproj", "{F00EC453-5F3F-48D8-B457-524028FB445B}"
EndProject
Project("{8BC9CEB8-8B4A-11D0-8D11-00A0C91BC942}") = "Common", "Common\Common.vcxproj", "{9A9A6ABB-73FB-4F85-B3FA-20AB7D156893}"
EndProject
Global
	GlobalSection(SolutionConfigurationPlatforms) = preSolution
		Debug|x64 = Debug|x64
		Release|x64 = Release|x64
		RelWithDebInfo|x64 = RelWithDebInfo|x64
	EndGlobalSection
	GlobalSection(ProjectConfigurationPlatforms) = postSolution
		{AE2725B7-4B12-47AA-989E-C96E66F28E6E}.Debug|x64.ActiveCfg = Debug|x64
		{AE2725B7-4B12-47AA-989E-C96E66F28E6E}.Debug|x64.Build.0 = Debug|x64
		{AE2725B7-4B12-47AA-989E-C96E66F28E6E}.Release|x64.ActiveCfg = Release|x64
		{AE2725B7-4B12-47AA-989E-C96E66F28E6E}.Release|x64.Build.0 = Release|x64
		{AE2725B7-4B12-47AA-989E-C96E66F28E6E}.RelWithDebInfo|x64.ActiveCfg = RelWithDebInfo|x64
		{AE2725B7-4B12-47AA-989E-C96E66F28E6E}.RelWithDebInfo|x64.Build.0 = RelWithDebInfo|x64
		{98289F88-68CA-4D4D-B744-B1B7F562045C}.Debug|x64.ActiveCfg = Debug|x64
		{98289F88-68CA-4D4D-B744-B1B7F562045C}.Debug|x64.Build.0 = Debug|x64
		{98289F88-68CA-4D4D-B744-B1B7F562045C}.Release|x64.ActiveCfg = Release|x64
		{98289F88-68CA-4D4D-B744-B1B7F562045C}.Release|x64.Build.0 = Release|x64
		{98289F88-68CA-4D4D-B744-B1B7F562045C}.RelWithDebInfo|x64.ActiveCfg = RelWithDebInfo|x64
		{98289F88-68CA-4D4D-B744-B1B7F562045C}.RelWithDebInfo|x64.Build.0 = RelWithDebInfo|x64
		{014FBBB7-BDF6-34B5-AE9B-9375BBA53A1B}.Debug|x64.ActiveCfg = Debug|x64
		{014FBBB7-BDF6-34B5-AE9B-9375BBA53A1B}.Debug|x64.Build.0 = Debug|x64
		{014FBBB7-BDF6-34B5-AE9B-9375BBA53A1B}.Release|x64.ActiveCfg = Release|x64
		{014FBBB7-BDF6-34B5-AE9B-9375BBA53A1B}.Release|x64.Build.0 = Release|x64
		{014FBBB7-BDF6-34B5-AE9B-9375BBA53A1B}.RelWithDebInfo|x64.ActiveCfg = RelWithDebInfo|x64
		{014FBBB7-BDF6-34B5-AE9B-9375BBA53A1B}.RelWithDebInfo|x64.Build.0 = RelWithDebInfo|x64
		{2A13BE99-E7B7-4B2C-93C2-09F2542437F1}.Debug|x64.ActiveCfg = Debug|x64
		{2A13BE99-E7B7-4B2C-93C2-09F2542437F1}.Debug|x64.Build.0 = Debug|x64
		{2A13BE99-E7B7-4B2C-93C2-09F2542437F1}.Release|x64.ActiveCfg = Release|x64
		{2A13BE99-E7B7-4B2C-93C2-09F2542437F1}.Release|x64.Build.0 = Release|x64
		{2A13BE99-E7B7-4B2C-93C2-09F2542437F1}.RelWithDebInfo|x64.ActiveCfg = RelWithDebInfo|x64
		{2A13BE99-E7B7-4B2C-93C2-09F2542437F1}.RelWithDebInfo|x64.Build.0 = RelWithDebInfo|x64
		{F00EC453-5F3F-48D8-B457-524028FB445B}.Debug|x64.ActiveCfg = Debug|x64
		{F00EC453-5F3F-48D8-B457-524028FB445B}.Debug|x64.Build.0 = Debug|x64
		{F00EC453-5F3F-48D8-B457-524028FB445B}.Release|x64.ActiveCfg = Release|x64
		{F00EC453-5F3F-48D8-B457-524028FB445B}.Release|x64.Build.0 = Release|x64
		{F00EC453-5F3F-48D8-B457-524028FB445B}.RelWithDebInfo|x64.ActiveCfg = RelWithDebInfo|x64
		{F00EC453-5F3F-48D8-B457-524028FB445B}.RelWithDebInfo|x64.Build.0 = RelWithDebInfo|x64
		{9A9A6ABB-73FB-4F85-B3FA-20AB7D156893}.Debug|x64.ActiveCfg = Debug|x64
		{9A9A6ABB-73FB-4F85-B3FA-20AB7D156893}.Debug|x64.Build.0 = Debug|x64
		{9A9A6ABB-73FB-4F85-B3FA-20AB7D156893}.Release|x64.ActiveCfg = Release|x64
		{9A9A6ABB-73FB-4F85-B3FA-20AB7D156893}.Release|x64.Build.0 = Release|x64
		{9A9A6ABB-73FB-4F85-B3FA-20AB7D156893}.RelWithDebInfo|x64.ActiveCfg = RelWithDebInfo|x64
		{9A9A6ABB-73FB-4F85-B3FA-20AB7D156893}.RelWithDebInfo|x64.Build.0 = RelWithDebInfo|x64
	EndGlobalSection
	GlobalSection(SolutionProperties) = preSolution
		HideSolutionNode = FALSE
	EndGlobalSection
	GlobalSection(ExtensibilityGlobals) = postSolution
		SolutionGuid = {45F35E1D-46D7-4084-8A32-6CE3F3B828A1}
	EndGlobalSection
EndGlobal
