<?xml version="1.0" encoding="utf-8"?>
<Project ToolsVersion="4.0" xmlns="http://schemas.microsoft.com/developer/msbuild/2003">
  <ItemGroup>
    <Filter Include="Source Files">
      <UniqueIdentifier>{4FC737F1-C7A5-4376-A066-2A32D752A2FF}</UniqueIdentifier>
      <Extensions>cpp;c;cc;cxx;def;odl;idl;hpj;bat;asm;asmx</Extensions>
    </Filter>
    <Filter Include="Header Files">
      <UniqueIdentifier>{93995380-89BD-4b04-88EB-625FBE52EBFB}</UniqueIdentifier>
      <Extensions>h;hh;hpp;hxx;hm;inl;inc;xsd</Extensions>
    </Filter>
    <Filter Include="Header Files\UDP">
      <UniqueIdentifier>{e0786a23-7b9c-4683-84df-cbddd57f75c1}</UniqueIdentifier>
    </Filter>
    <Filter Include="Source Files\UDP">
      <UniqueIdentifier>{76cb94b8-492e-4792-acb8-63c5c7b81a11}</UniqueIdentifier>
    </Filter>
  </ItemGroup>
  <ItemGroup>
    <Text Include="ReadMe.txt" />
  </ItemGroup>
  <ItemGroup>
    <ClInclude Include="Headers\OutputMemoryBitStream.h">
      <Filter>Header Files</Filter>
    </ClInclude>
    <ClInclude Include="Headers\MemoryStream.h">
      <Filter>Header Files</Filter>
    </ClInclude>
    <ClInclude Include="Headers\InputMemoryBitStream.h">
      <Filter>Header Files</Filter>
    </ClInclude>
    <ClInclude Include="Headers\AckRange.h">
      <Filter>Header Files</Filter>
    </ClInclude>
    <ClInclude Include="Headers\targetver.h">
      <Filter>Header Files</Filter>
    </ClInclude>
    <ClInclude Include="stdafx.h">
      <Filter>Header Files</Filter>
    </ClInclude>
    <ClInclude Include="Headers\MessageQueue.h">
      <Filter>Header Files</Filter>
    </ClInclude>
    <ClInclude Include="Headers\UDP\SocketUtil.h">
      <Filter>Header Files\UDP</Filter>
    </ClInclude>
    <ClInclude Include="Headers\UDP\SocketAddressFactory.h">
      <Filter>Header Files\UDP</Filter>
    </ClInclude>
    <ClInclude Include="Headers\UDP\SocketAddress.h">
      <Filter>Header Files\UDP</Filter>
    </ClInclude>
    <ClInclude Include="Headers\UDP\UDPSocket.h">
      <Filter>Header Files\UDP</Filter>
    </ClInclude>
    <ClInclude Include="Headers\UDP\UDPSocketFactory.h">
      <Filter>Header Files\UDP</Filter>
    </ClInclude>
    <ClInclude Include="Headers\EndpointManager.h">
      <Filter>Header Files</Filter>
    </ClInclude>
    <ClInclude Include="Headers\CommunicationManager.h">
      <Filter>Header Files</Filter>
    </ClInclude>
    <ClInclude Include="Headers\WorkQueue.h">
      <Filter>Header Files</Filter>
    </ClInclude>
    <ClInclude Include="Headers\Message.h">
      <Filter>Header Files</Filter>
    </ClInclude>
  </ItemGroup>
  <ItemGroup>
    <ClCompile Include="Source\OutputMemoryBitStream.cpp">
      <Filter>Source Files</Filter>
    </ClCompile>
    <ClCompile Include="Source\MemoryStream.cpp">
      <Filter>Source Files</Filter>
    </ClCompile>
    <ClCompile Include="Source\InputMemoryBitStream.cpp">
      <Filter>Source Files</Filter>
    </ClCompile>
    <ClCompile Include="Source\AckRange.cpp">
      <Filter>Source Files</Filter>
    </ClCompile>
    <ClCompile Include="reliableudp.cpp">
      <Filter>Source Files</Filter>
    </ClCompile>
    <ClCompile Include="stdafx.cpp">
      <Filter>Source Files</Filter>
    </ClCompile>
    <ClCompile Include="Source\MessageQueue.cpp">
      <Filter>Source Files</Filter>
    </ClCompile>
    <ClCompile Include="Source\UDP\SocketAddress.cpp">
      <Filter>Source Files\UDP</Filter>
    </ClCompile>
    <ClCompile Include="Source\UDP\SocketAddressFactory.cpp">
      <Filter>Source Files\UDP</Filter>
    </ClCompile>
    <ClCompile Include="Source\UDP\UDPSocket.cpp">
      <Filter>Source Files\UDP</Filter>
    </ClCompile>
    <ClCompile Include="Source\UDP\UDPSocketFactory.cpp">
      <Filter>Source Files\UDP</Filter>
    </ClCompile>
    <ClCompile Include="Source\EndpointManager.cpp">
      <Filter>Source Files</Filter>
    </ClCompile>
    <ClCompile Include="Source\CommunicationManager.cpp">
      <Filter>Source Files</Filter>
    </ClCompile>
    <ClCompile Include="Source\Message.cpp">
      <Filter>Source Files</Filter>
    </ClCompile>
  </ItemGroup>
</Project>